// !$*UTF8*$!
{
	archiveVersion = 1;
	classes = {
	};
	objectVersion = 56;
	objects = {

/* Begin PBXBuildFile section */
		214A992D29BD227A00F24A1F /* AppDelegate.swift in Sources */ = {isa = PBXBuildFile; fileRef = 214A992C29BD227A00F24A1F /* AppDelegate.swift */; };
		214A992F29BD227A00F24A1F /* SceneDelegate.swift in Sources */ = {isa = PBXBuildFile; fileRef = 214A992E29BD227A00F24A1F /* SceneDelegate.swift */; };
		214A993429BD227A00F24A1F /* Main.storyboard in Resources */ = {isa = PBXBuildFile; fileRef = 214A993229BD227A00F24A1F /* Main.storyboard */; };
		214A993629BD227E00F24A1F /* Assets.xcassets in Resources */ = {isa = PBXBuildFile; fileRef = 214A993529BD227E00F24A1F /* Assets.xcassets */; };
		214A993929BD227E00F24A1F /* LaunchScreen.storyboard in Resources */ = {isa = PBXBuildFile; fileRef = 214A993729BD227E00F24A1F /* LaunchScreen.storyboard */; };
		214A994229BD25B900F24A1F /* ParseSwift in Frameworks */ = {isa = PBXBuildFile; productRef = 214A994129BD25B900F24A1F /* ParseSwift */; };
		214A994529BD266600F24A1F /* User.swift in Sources */ = {isa = PBXBuildFile; fileRef = 214A994429BD266600F24A1F /* User.swift */; };
		214A994729BD267800F24A1F /* Post.swift in Sources */ = {isa = PBXBuildFile; fileRef = 214A994629BD267800F24A1F /* Post.swift */; };
		214A994A29BD26F300F24A1F /* LoginViewController.swift in Sources */ = {isa = PBXBuildFile; fileRef = 214A994929BD26F300F24A1F /* LoginViewController.swift */; };
		214A994C29BD271A00F24A1F /* SignUpViewController.swift in Sources */ = {isa = PBXBuildFile; fileRef = 214A994B29BD271A00F24A1F /* SignUpViewController.swift */; };
		214A994F29BD274800F24A1F /* FeedViewController.swift in Sources */ = {isa = PBXBuildFile; fileRef = 214A994E29BD274800F24A1F /* FeedViewController.swift */; };
		214A995129BD276800F24A1F /* PostCell.swift in Sources */ = {isa = PBXBuildFile; fileRef = 214A995029BD276700F24A1F /* PostCell.swift */; };
		214A995429BD27E100F24A1F /* PostViewController.swift in Sources */ = {isa = PBXBuildFile; fileRef = 214A995329BD27E100F24A1F /* PostViewController.swift */; };
		214A995729BD307000F24A1F /* ViewController+Extensions.swift in Sources */ = {isa = PBXBuildFile; fileRef = 214A995629BD307000F24A1F /* ViewController+Extensions.swift */; };
		214A995A29BD409A00F24A1F /* Alamofire in Frameworks */ = {isa = PBXBuildFile; productRef = 214A995929BD409A00F24A1F /* Alamofire */; };
		214A995D29BD40CF00F24A1F /* AlamofireImage in Frameworks */ = {isa = PBXBuildFile; productRef = 214A995C29BD40CF00F24A1F /* AlamofireImage */; };
		214A995F29BD42F900F24A1F /* DateFormatter+Extensions.swift in Sources */ = {isa = PBXBuildFile; fileRef = 214A995E29BD42F900F24A1F /* DateFormatter+Extensions.swift */; };
/* End PBXBuildFile section */

/* Begin PBXFileReference section */
		214A992929BD227A00F24A1F /* BeReal.app */ = {isa = PBXFileReference; explicitFileType = wrapper.application; includeInIndex = 0; path = BeReal.app; sourceTree = BUILT_PRODUCTS_DIR; };
		214A992C29BD227A00F24A1F /* AppDelegate.swift */ = {isa = PBXFileReference; lastKnownFileType = sourcecode.swift; path = AppDelegate.swift; sourceTree = "<group>"; };
		214A992E29BD227A00F24A1F /* SceneDelegate.swift */ = {isa = PBXFileReference; lastKnownFileType = sourcecode.swift; path = SceneDelegate.swift; sourceTree = "<group>"; };
		214A993329BD227A00F24A1F /* Base */ = {isa = PBXFileReference; lastKnownFileType = file.storyboard; name = Base; path = Base.lproj/Main.storyboard; sourceTree = "<group>"; };
		214A993529BD227E00F24A1F /* Assets.xcassets */ = {isa = PBXFileReference; lastKnownFileType = folder.assetcatalog; path = Assets.xcassets; sourceTree = "<group>"; };
		214A993829BD227E00F24A1F /* Base */ = {isa = PBXFileReference; lastKnownFileType = file.storyboard; name = Base; path = Base.lproj/LaunchScreen.storyboard; sourceTree = "<group>"; };
		214A993A29BD227E00F24A1F /* Info.plist */ = {isa = PBXFileReference; lastKnownFileType = text.plist.xml; path = Info.plist; sourceTree = "<group>"; };
		214A994429BD266600F24A1F /* User.swift */ = {isa = PBXFileReference; lastKnownFileType = sourcecode.swift; path = User.swift; sourceTree = "<group>"; };
		214A994629BD267800F24A1F /* Post.swift */ = {isa = PBXFileReference; lastKnownFileType = sourcecode.swift; path = Post.swift; sourceTree = "<group>"; };
		214A994929BD26F300F24A1F /* LoginViewController.swift */ = {isa = PBXFileReference; lastKnownFileType = sourcecode.swift; path = LoginViewController.swift; sourceTree = "<group>"; };
		214A994B29BD271A00F24A1F /* SignUpViewController.swift */ = {isa = PBXFileReference; lastKnownFileType = sourcecode.swift; path = SignUpViewController.swift; sourceTree = "<group>"; };
		214A994E29BD274800F24A1F /* FeedViewController.swift */ = {isa = PBXFileReference; lastKnownFileType = sourcecode.swift; path = FeedViewController.swift; sourceTree = "<group>"; };
		214A995029BD276700F24A1F /* PostCell.swift */ = {isa = PBXFileReference; lastKnownFileType = sourcecode.swift; path = PostCell.swift; sourceTree = "<group>"; };
		214A995329BD27E100F24A1F /* PostViewController.swift */ = {isa = PBXFileReference; lastKnownFileType = sourcecode.swift; path = PostViewController.swift; sourceTree = "<group>"; };
		214A995629BD307000F24A1F /* ViewController+Extensions.swift */ = {isa = PBXFileReference; lastKnownFileType = sourcecode.swift; path = "ViewController+Extensions.swift"; sourceTree = "<group>"; };
		214A995E29BD42F900F24A1F /* DateFormatter+Extensions.swift */ = {isa = PBXFileReference; lastKnownFileType = sourcecode.swift; path = "DateFormatter+Extensions.swift"; sourceTree = "<group>"; };
/* End PBXFileReference section */

/* Begin PBXFrameworksBuildPhase section */
		214A992629BD227A00F24A1F /* Frameworks */ = {
			isa = PBXFrameworksBuildPhase;
			buildActionMask = 2147483647;
			files = (
				214A994229BD25B900F24A1F /* ParseSwift in Frameworks */,
				214A995A29BD409A00F24A1F /* Alamofire in Frameworks */,
				214A995D29BD40CF00F24A1F /* AlamofireImage in Frameworks */,
			);
			runOnlyForDeploymentPostprocessing = 0;
		};
/* End PBXFrameworksBuildPhase section */

/* Begin PBXGroup section */
		214A992029BD227A00F24A1F = {
			isa = PBXGroup;
			children = (
				214A992B29BD227A00F24A1F /* BeReal */,
				214A992A29BD227A00F24A1F /* Products */,
			);
			sourceTree = "<group>";
		};
		214A992A29BD227A00F24A1F /* Products */ = {
			isa = PBXGroup;
			children = (
				214A992929BD227A00F24A1F /* BeReal.app */,
			);
			name = Products;
			sourceTree = "<group>";
		};
		214A992B29BD227A00F24A1F /* BeReal */ = {
			isa = PBXGroup;
			children = (
				214A995529BD305100F24A1F /* Extensions */,
				214A995229BD27A100F24A1F /* Post */,
				214A994D29BD272500F24A1F /* Feed */,
				214A994829BD269800F24A1F /* Login */,
				214A994329BD264800F24A1F /* Models */,
				214A992C29BD227A00F24A1F /* AppDelegate.swift */,
				214A992E29BD227A00F24A1F /* SceneDelegate.swift */,
				214A993229BD227A00F24A1F /* Main.storyboard */,
				214A993529BD227E00F24A1F /* Assets.xcassets */,
				214A993729BD227E00F24A1F /* LaunchScreen.storyboard */,
				214A993A29BD227E00F24A1F /* Info.plist */,
			);
			path = BeReal;
			sourceTree = "<group>";
		};
		214A994329BD264800F24A1F /* Models */ = {
			isa = PBXGroup;
			children = (
				214A994429BD266600F24A1F /* User.swift */,
				214A994629BD267800F24A1F /* Post.swift */,
			);
			path = Models;
			sourceTree = "<group>";
		};
		214A994829BD269800F24A1F /* Login */ = {
			isa = PBXGroup;
			children = (
				214A994929BD26F300F24A1F /* LoginViewController.swift */,
				214A994B29BD271A00F24A1F /* SignUpViewController.swift */,
			);
			path = Login;
			sourceTree = "<group>";
		};
		214A994D29BD272500F24A1F /* Feed */ = {
			isa = PBXGroup;
			children = (
				214A994E29BD274800F24A1F /* FeedViewController.swift */,
				214A995029BD276700F24A1F /* PostCell.swift */,
			);
			path = Feed;
			sourceTree = "<group>";
		};
		214A995229BD27A100F24A1F /* Post */ = {
			isa = PBXGroup;
			children = (
				214A995329BD27E100F24A1F /* PostViewController.swift */,
			);
			path = Post;
			sourceTree = "<group>";
		};
		214A995529BD305100F24A1F /* Extensions */ = {
			isa = PBXGroup;
			children = (
				214A995629BD307000F24A1F /* ViewController+Extensions.swift */,
				214A995E29BD42F900F24A1F /* DateFormatter+Extensions.swift */,
			);
			path = Extensions;
			sourceTree = "<group>";
		};
/* End PBXGroup section */

/* Begin PBXNativeTarget section */
		214A992829BD227A00F24A1F /* BeReal */ = {
			isa = PBXNativeTarget;
			buildConfigurationList = 214A993D29BD227E00F24A1F /* Build configuration list for PBXNativeTarget "BeReal" */;
			buildPhases = (
				214A992529BD227A00F24A1F /* Sources */,
				214A992629BD227A00F24A1F /* Frameworks */,
				214A992729BD227A00F24A1F /* Resources */,
			);
			buildRules = (
			);
			dependencies = (
			);
			name = BeReal;
			packageProductDependencies = (
				214A994129BD25B900F24A1F /* ParseSwift */,
				214A995929BD409A00F24A1F /* Alamofire */,
				214A995C29BD40CF00F24A1F /* AlamofireImage */,
			);
			productName = BeReal;
			productReference = 214A992929BD227A00F24A1F /* BeReal.app */;
			productType = "com.apple.product-type.application";
		};
/* End PBXNativeTarget section */

/* Begin PBXProject section */
		214A992129BD227A00F24A1F /* Project object */ = {
			isa = PBXProject;
			attributes = {
				BuildIndependentTargetsInParallel = 1;
				LastSwiftUpdateCheck = 1420;
				LastUpgradeCheck = 1420;
				TargetAttributes = {
					214A992829BD227A00F24A1F = {
						CreatedOnToolsVersion = 14.2;
					};
				};
			};
			buildConfigurationList = 214A992429BD227A00F24A1F /* Build configuration list for PBXProject "BeReal" */;
			compatibilityVersion = "Xcode 14.0";
			developmentRegion = en;
			hasScannedForEncodings = 0;
			knownRegions = (
				en,
				Base,
			);
			mainGroup = 214A992029BD227A00F24A1F;
			packageReferences = (
				214A994029BD25B900F24A1F /* XCRemoteSwiftPackageReference "Parse-Swift" */,
				214A995829BD409A00F24A1F /* XCRemoteSwiftPackageReference "Alamofire" */,
				214A995B29BD40CF00F24A1F /* XCRemoteSwiftPackageReference "AlamofireImage" */,
			);
			productRefGroup = 214A992A29BD227A00F24A1F /* Products */;
			projectDirPath = "";
			projectRoot = "";
			targets = (
				214A992829BD227A00F24A1F /* BeReal */,
			);
		};
/* End PBXProject section */

/* Begin PBXResourcesBuildPhase section */
		214A992729BD227A00F24A1F /* Resources */ = {
			isa = PBXResourcesBuildPhase;
			buildActionMask = 2147483647;
			files = (
				214A993929BD227E00F24A1F /* LaunchScreen.storyboard in Resources */,
				214A993629BD227E00F24A1F /* Assets.xcassets in Resources */,
				214A993429BD227A00F24A1F /* Main.storyboard in Resources */,
			);
			runOnlyForDeploymentPostprocessing = 0;
		};
/* End PBXResourcesBuildPhase section */

/* Begin PBXSourcesBuildPhase section */
		214A992529BD227A00F24A1F /* Sources */ = {
			isa = PBXSourcesBuildPhase;
			buildActionMask = 2147483647;
			files = (
				214A994A29BD26F300F24A1F /* LoginViewController.swift in Sources */,
				214A994C29BD271A00F24A1F /* SignUpViewController.swift in Sources */,
				214A995729BD307000F24A1F /* ViewController+Extensions.swift in Sources */,
				214A994529BD266600F24A1F /* User.swift in Sources */,
				214A995429BD27E100F24A1F /* PostViewController.swift in Sources */,
				214A992D29BD227A00F24A1F /* AppDelegate.swift in Sources */,
				214A995129BD276800F24A1F /* PostCell.swift in Sources */,
				214A992F29BD227A00F24A1F /* SceneDelegate.swift in Sources */,
				214A994F29BD274800F24A1F /* FeedViewController.swift in Sources */,
				214A995F29BD42F900F24A1F /* DateFormatter+Extensions.swift in Sources */,
				214A994729BD267800F24A1F /* Post.swift in Sources */,
			);
			runOnlyForDeploymentPostprocessing = 0;
		};
/* End PBXSourcesBuildPhase section */

/* Begin PBXVariantGroup section */
		214A993229BD227A00F24A1F /* Main.storyboard */ = {
			isa = PBXVariantGroup;
			children = (
				214A993329BD227A00F24A1F /* Base */,
			);
			name = Main.storyboard;
			sourceTree = "<group>";
		};
		214A993729BD227E00F24A1F /* LaunchScreen.storyboard */ = {
			isa = PBXVariantGroup;
			children = (
				214A993829BD227E00F24A1F /* Base */,
			);
			name = LaunchScreen.storyboard;
			sourceTree = "<group>";
		};
/* End PBXVariantGroup section */

/* Begin XCBuildConfiguration section */
		214A993B29BD227E00F24A1F /* Debug */ = {
			isa = XCBuildConfiguration;
			buildSettings = {
				ALWAYS_SEARCH_USER_PATHS = NO;
				CLANG_ANALYZER_NONNULL = YES;
				CLANG_ANALYZER_NUMBER_OBJECT_CONVERSION = YES_AGGRESSIVE;
				CLANG_CXX_LANGUAGE_STANDARD = "gnu++20";
				CLANG_ENABLE_MODULES = YES;
				CLANG_ENABLE_OBJC_ARC = YES;
				CLANG_ENABLE_OBJC_WEAK = YES;
				CLANG_WARN_BLOCK_CAPTURE_AUTORELEASING = YES;
				CLANG_WARN_BOOL_CONVERSION = YES;
				CLANG_WARN_COMMA = YES;
				CLANG_WARN_CONSTANT_CONVERSION = YES;
				CLANG_WARN_DEPRECATED_OBJC_IMPLEMENTATIONS = YES;
				CLANG_WARN_DIRECT_OBJC_ISA_USAGE = YES_ERROR;
				CLANG_WARN_DOCUMENTATION_COMMENTS = YES;
				CLANG_WARN_EMPTY_BODY = YES;
				CLANG_WARN_ENUM_CONVERSION = YES;
				CLANG_WARN_INFINITE_RECURSION = YES;
				CLANG_WARN_INT_CONVERSION = YES;
				CLANG_WARN_NON_LITERAL_NULL_CONVERSION = YES;
				CLANG_WARN_OBJC_IMPLICIT_RETAIN_SELF = YES;
				CLANG_WARN_OBJC_LITERAL_CONVERSION = YES;
				CLANG_WARN_OBJC_ROOT_CLASS = YES_ERROR;
				CLANG_WARN_QUOTED_INCLUDE_IN_FRAMEWORK_HEADER = YES;
				CLANG_WARN_RANGE_LOOP_ANALYSIS = YES;
				CLANG_WARN_STRICT_PROTOTYPES = YES;
				CLANG_WARN_SUSPICIOUS_MOVE = YES;
				CLANG_WARN_UNGUARDED_AVAILABILITY = YES_AGGRESSIVE;
				CLANG_WARN_UNREACHABLE_CODE = YES;
				CLANG_WARN__DUPLICATE_METHOD_MATCH = YES;
				COPY_PHASE_STRIP = NO;
				DEBUG_INFORMATION_FORMAT = dwarf;
				ENABLE_STRICT_OBJC_MSGSEND = YES;
				ENABLE_TESTABILITY = YES;
				GCC_C_LANGUAGE_STANDARD = gnu11;
				GCC_DYNAMIC_NO_PIC = NO;
				GCC_NO_COMMON_BLOCKS = YES;
				GCC_OPTIMIZATION_LEVEL = 0;
				GCC_PREPROCESSOR_DEFINITIONS = (
					"DEBUG=1",
					"$(inherited)",
				);
				GCC_WARN_64_TO_32_BIT_CONVERSION = YES;
				GCC_WARN_ABOUT_RETURN_TYPE = YES_ERROR;
				GCC_WARN_UNDECLARED_SELECTOR = YES;
				GCC_WARN_UNINITIALIZED_AUTOS = YES_AGGRESSIVE;
				GCC_WARN_UNUSED_FUNCTION = YES;
				GCC_WARN_UNUSED_VARIABLE = YES;
				IPHONEOS_DEPLOYMENT_TARGET = 16.2;
				MTL_ENABLE_DEBUG_INFO = INCLUDE_SOURCE;
				MTL_FAST_MATH = YES;
				ONLY_ACTIVE_ARCH = YES;
				SDKROOT = iphoneos;
				SWIFT_ACTIVE_COMPILATION_CONDITIONS = DEBUG;
				SWIFT_OPTIMIZATION_LEVEL = "-Onone";
			};
			name = Debug;
		};
		214A993C29BD227E00F24A1F /* Release */ = {
			isa = XCBuildConfiguration;
			buildSettings = {
				ALWAYS_SEARCH_USER_PATHS = NO;
				CLANG_ANALYZER_NONNULL = YES;
				CLANG_ANALYZER_NUMBER_OBJECT_CONVERSION = YES_AGGRESSIVE;
				CLANG_CXX_LANGUAGE_STANDARD = "gnu++20";
				CLANG_ENABLE_MODULES = YES;
				CLANG_ENABLE_OBJC_ARC = YES;
				CLANG_ENABLE_OBJC_WEAK = YES;
				CLANG_WARN_BLOCK_CAPTURE_AUTORELEASING = YES;
				CLANG_WARN_BOOL_CONVERSION = YES;
				CLANG_WARN_COMMA = YES;
				CLANG_WARN_CONSTANT_CONVERSION = YES;
				CLANG_WARN_DEPRECATED_OBJC_IMPLEMENTATIONS = YES;
				CLANG_WARN_DIRECT_OBJC_ISA_USAGE = YES_ERROR;
				CLANG_WARN_DOCUMENTATION_COMMENTS = YES;
				CLANG_WARN_EMPTY_BODY = YES;
				CLANG_WARN_ENUM_CONVERSION = YES;
				CLANG_WARN_INFINITE_RECURSION = YES;
				CLANG_WARN_INT_CONVERSION = YES;
				CLANG_WARN_NON_LITERAL_NULL_CONVERSION = YES;
				CLANG_WARN_OBJC_IMPLICIT_RETAIN_SELF = YES;
				CLANG_WARN_OBJC_LITERAL_CONVERSION = YES;
				CLANG_WARN_OBJC_ROOT_CLASS = YES_ERROR;
				CLANG_WARN_QUOTED_INCLUDE_IN_FRAMEWORK_HEADER = YES;
				CLANG_WARN_RANGE_LOOP_ANALYSIS = YES;
				CLANG_WARN_STRICT_PROTOTYPES = YES;
				CLANG_WARN_SUSPICIOUS_MOVE = YES;
				CLANG_WARN_UNGUARDED_AVAILABILITY = YES_AGGRESSIVE;
				CLANG_WARN_UNREACHABLE_CODE = YES;
				CLANG_WARN__DUPLICATE_METHOD_MATCH = YES;
				COPY_PHASE_STRIP = NO;
				DEBUG_INFORMATION_FORMAT = "dwarf-with-dsym";
				ENABLE_NS_ASSERTIONS = NO;
				ENABLE_STRICT_OBJC_MSGSEND = YES;
				GCC_C_LANGUAGE_STANDARD = gnu11;
				GCC_NO_COMMON_BLOCKS = YES;
				GCC_WARN_64_TO_32_BIT_CONVERSION = YES;
				GCC_WARN_ABOUT_RETURN_TYPE = YES_ERROR;
				GCC_WARN_UNDECLARED_SELECTOR = YES;
				GCC_WARN_UNINITIALIZED_AUTOS = YES_AGGRESSIVE;
				GCC_WARN_UNUSED_FUNCTION = YES;
				GCC_WARN_UNUSED_VARIABLE = YES;
				IPHONEOS_DEPLOYMENT_TARGET = 16.2;
				MTL_ENABLE_DEBUG_INFO = NO;
				MTL_FAST_MATH = YES;
				SDKROOT = iphoneos;
				SWIFT_COMPILATION_MODE = wholemodule;
				SWIFT_OPTIMIZATION_LEVEL = "-O";
				VALIDATE_PRODUCT = YES;
			};
			name = Release;
		};
		214A993E29BD227E00F24A1F /* Debug */ = {
			isa = XCBuildConfiguration;
			buildSettings = {
				ASSETCATALOG_COMPILER_APPICON_NAME = AppIcon;
				ASSETCATALOG_COMPILER_GLOBAL_ACCENT_COLOR_NAME = AccentColor;
				CODE_SIGN_STYLE = Automatic;
				CURRENT_PROJECT_VERSION = 1;
				GENERATE_INFOPLIST_FILE = YES;
				INFOPLIST_FILE = BeReal/Info.plist;
				INFOPLIST_KEY_UIApplicationSupportsIndirectInputEvents = YES;
				INFOPLIST_KEY_UILaunchStoryboardName = LaunchScreen;
				INFOPLIST_KEY_UIMainStoryboardFile = Main;
				INFOPLIST_KEY_UISupportedInterfaceOrientations_iPad = "UIInterfaceOrientationPortrait UIInterfaceOrientationPortraitUpsideDown UIInterfaceOrientationLandscapeLeft UIInterfaceOrientationLandscapeRight";
				INFOPLIST_KEY_UISupportedInterfaceOrientations_iPhone = "UIInterfaceOrientationPortrait UIInterfaceOrientationLandscapeLeft UIInterfaceOrientationLandscapeRight";
				LD_RUNPATH_SEARCH_PATHS = (
					"$(inherited)",
					"@executable_path/Frameworks",
				);
				MARKETING_VERSION = 1.0;
				PRODUCT_BUNDLE_IDENTIFIER = ios.kvdev.BeReal;
				PRODUCT_NAME = "$(TARGET_NAME)";
				SWIFT_EMIT_LOC_STRINGS = YES;
				SWIFT_VERSION = 5.0;
				TARGETED_DEVICE_FAMILY = "1,2";
			};
			name = Debug;
		};
		214A993F29BD227E00F24A1F /* Release */ = {
			isa = XCBuildConfiguration;
			buildSettings = {
				ASSETCATALOG_COMPILER_APPICON_NAME = AppIcon;
				ASSETCATALOG_COMPILER_GLOBAL_ACCENT_COLOR_NAME = AccentColor;
				CODE_SIGN_STYLE = Automatic;
				CURRENT_PROJECT_VERSION = 1;
				GENERATE_INFOPLIST_FILE = YES;
				INFOPLIST_FILE = BeReal/Info.plist;
				INFOPLIST_KEY_UIApplicationSupportsIndirectInputEvents = YES;
				INFOPLIST_KEY_UILaunchStoryboardName = LaunchScreen;
				INFOPLIST_KEY_UIMainStoryboardFile = Main;
				INFOPLIST_KEY_UISupportedInterfaceOrientations_iPad = "UIInterfaceOrientationPortrait UIInterfaceOrientationPortraitUpsideDown UIInterfaceOrientationLandscapeLeft UIInterfaceOrientationLandscapeRight";
				INFOPLIST_KEY_UISupportedInterfaceOrientations_iPhone = "UIInterfaceOrientationPortrait UIInterfaceOrientationLandscapeLeft UIInterfaceOrientationLandscapeRight";
				LD_RUNPATH_SEARCH_PATHS = (
					"$(inherited)",
					"@executable_path/Frameworks",
				);
				MARKETING_VERSION = 1.0;
				PRODUCT_BUNDLE_IDENTIFIER = ios.kvdev.BeReal;
				PRODUCT_NAME = "$(TARGET_NAME)";
				SWIFT_EMIT_LOC_STRINGS = YES;
				SWIFT_VERSION = 5.0;
				TARGETED_DEVICE_FAMILY = "1,2";
			};
			name = Release;
		};
/* End XCBuildConfiguration section */

/* Begin XCConfigurationList section */
		214A992429BD227A00F24A1F /* Build configuration list for PBXProject "BeReal" */ = {
			isa = XCConfigurationList;
			buildConfigurations = (
				214A993B29BD227E00F24A1F /* Debug */,
				214A993C29BD227E00F24A1F /* Release */,
			);
			defaultConfigurationIsVisible = 0;
			defaultConfigurationName = Release;
		};
		214A993D29BD227E00F24A1F /* Build configuration list for PBXNativeTarget "BeReal" */ = {
			isa = XCConfigurationList;
			buildConfigurations = (
				214A993E29BD227E00F24A1F /* Debug */,
				214A993F29BD227E00F24A1F /* Release */,
			);
			defaultConfigurationIsVisible = 0;
			defaultConfigurationName = Release;
		};
/* End XCConfigurationList section */

/* Begin XCRemoteSwiftPackageReference section */
		214A994029BD25B900F24A1F /* XCRemoteSwiftPackageReference "Parse-Swift" */ = {
			isa = XCRemoteSwiftPackageReference;
			repositoryURL = "https://github.com/parse-community/Parse-Swift";
			requirement = {
				kind = exactVersion;
				version = 4.14.2;
			};
		};
		214A995829BD409A00F24A1F /* XCRemoteSwiftPackageReference "Alamofire" */ = {
			isa = XCRemoteSwiftPackageReference;
			repositoryURL = "https://github.com/Alamofire/Alamofire";
			requirement = {
				kind = exactVersion;
				version = 5.6.4;
			};
		};
		214A995B29BD40CF00F24A1F /* XCRemoteSwiftPackageReference "AlamofireImage" */ = {
			isa = XCRemoteSwiftPackageReference;
			repositoryURL = "https://github.com/Alamofire/AlamofireImage";
			requirement = {
				kind = exactVersion;
				version = 4.2.0;
			};
		};
/* End XCRemoteSwiftPackageReference section */

/* Begin XCSwiftPackageProductDependency section */
		214A994129BD25B900F24A1F /* ParseSwift */ = {
			isa = XCSwiftPackageProductDependency;
			package = 214A994029BD25B900F24A1F /* XCRemoteSwiftPackageReference "Parse-Swift" */;
			productName = ParseSwift;
		};
		214A995929BD409A00F24A1F /* Alamofire */ = {
			isa = XCSwiftPackageProductDependency;
			package = 214A995829BD409A00F24A1F /* XCRemoteSwiftPackageReference "Alamofire" */;
			productName = Alamofire;
		};
		214A995C29BD40CF00F24A1F /* AlamofireImage */ = {
			isa = XCSwiftPackageProductDependency;
			package = 214A995B29BD40CF00F24A1F /* XCRemoteSwiftPackageReference "AlamofireImage" */;
			productName = AlamofireImage;
		};
/* End XCSwiftPackageProductDependency section */
	};
	rootObject = 214A992129BD227A00F24A1F /* Project object */;
}
